// !$*UTF8*$!
{
	archiveVersion = 1;
	classes = {
	};
	objectVersion = 46;
	objects = {

/* Begin PBXBuildFile section */
		58F643B2197DA5F6001D0236 /* Foundation.framework in Frameworks */ = {isa = PBXBuildFile; fileRef = 58F643B1197DA5F6001D0236 /* Foundation.framework */; };
		58F643B4197DA5F6001D0236 /* CoreGraphics.framework in Frameworks */ = {isa = PBXBuildFile; fileRef = 58F643B3197DA5F6001D0236 /* CoreGraphics.framework */; };
		58F643B6197DA5F6001D0236 /* UIKit.framework in Frameworks */ = {isa = PBXBuildFile; fileRef = 58F643B5197DA5F6001D0236 /* UIKit.framework */; };
		58F643BC197DA5F6001D0236 /* InfoPlist.strings in Resources */ = {isa = PBXBuildFile; fileRef = 58F643BA197DA5F6001D0236 /* InfoPlist.strings */; };
		58F643BE197DA5F6001D0236 /* main.m in Sources */ = {isa = PBXBuildFile; fileRef = 58F643BD197DA5F6001D0236 /* main.m */; };
		58F643C2197DA5F6001D0236 /* RDPAppDelegate.m in Sources */ = {isa = PBXBuildFile; fileRef = 58F643C1197DA5F6001D0236 /* RDPAppDelegate.m */; };
		58F643C4197DA5F6001D0236 /* Images.xcassets in Resources */ = {isa = PBXBuildFile; fileRef = 58F643C3197DA5F6001D0236 /* Images.xcassets */; };
		58F643CB197DA5F6001D0236 /* XCTest.framework in Frameworks */ = {isa = PBXBuildFile; fileRef = 58F643CA197DA5F6001D0236 /* XCTest.framework */; };
		58F643CC197DA5F6001D0236 /* Foundation.framework in Frameworks */ = {isa = PBXBuildFile; fileRef = 58F643B1197DA5F6001D0236 /* Foundation.framework */; };
		58F643CD197DA5F6001D0236 /* UIKit.framework in Frameworks */ = {isa = PBXBuildFile; fileRef = 58F643B5197DA5F6001D0236 /* UIKit.framework */; };
		58F643D5197DA5F6001D0236 /* InfoPlist.strings in Resources */ = {isa = PBXBuildFile; fileRef = 58F643D3197DA5F6001D0236 /* InfoPlist.strings */; };
		58F643D7197DA5F6001D0236 /* SpearnintIOSTests.m in Sources */ = {isa = PBXBuildFile; fileRef = 58F643D6197DA5F6001D0236 /* SpearnintIOSTests.m */; };
/* End PBXBuildFile section */

/* Begin PBXContainerItemProxy section */
		58F643CE197DA5F6001D0236 /* PBXContainerItemProxy */ = {
			isa = PBXContainerItemProxy;
			containerPortal = 58F643A6197DA5F6001D0236 /* Project object */;
			proxyType = 1;
			remoteGlobalIDString = 58F643AD197DA5F6001D0236;
			remoteInfo = SpearnintIOS;
		};
/* End PBXContainerItemProxy section */

/* Begin PBXFileReference section */
		58F643AE197DA5F6001D0236 /* SpearnintIOS.app */ = {isa = PBXFileReference; explicitFileType = wrapper.application; includeInIndex = 0; path = SpearnintIOS.app; sourceTree = BUILT_PRODUCTS_DIR; };
		58F643B1197DA5F6001D0236 /* Foundation.framework */ = {isa = PBXFileReference; lastKnownFileType = wrapper.framework; name = Foundation.framework; path = System/Library/Frameworks/Foundation.framework; sourceTree = SDKROOT; };
		58F643B3197DA5F6001D0236 /* CoreGraphics.framework */ = {isa = PBXFileReference; lastKnownFileType = wrapper.framework; name = CoreGraphics.framework; path = System/Library/Frameworks/CoreGraphics.framework; sourceTree = SDKROOT; };
		58F643B5197DA5F6001D0236 /* UIKit.framework */ = {isa = PBXFileReference; lastKnownFileType = wrapper.framework; name = UIKit.framework; path = System/Library/Frameworks/UIKit.framework; sourceTree = SDKROOT; };
		58F643B9197DA5F6001D0236 /* SpearnintIOS-Info.plist */ = {isa = PBXFileReference; lastKnownFileType = text.plist.xml; path = "SpearnintIOS-Info.plist"; sourceTree = "<group>"; };
		58F643BB197DA5F6001D0236 /* en */ = {isa = PBXFileReference; lastKnownFileType = text.plist.strings; name = en; path = en.lproj/InfoPlist.strings; sourceTree = "<group>"; };
		58F643BD197DA5F6001D0236 /* main.m */ = {isa = PBXFileReference; lastKnownFileType = sourcecode.c.objc; path = main.m; sourceTree = "<group>"; };
		58F643BF197DA5F6001D0236 /* SpearnintIOS-Prefix.pch */ = {isa = PBXFileReference; lastKnownFileType = sourcecode.c.h; path = "SpearnintIOS-Prefix.pch"; sourceTree = "<group>"; };
		58F643C0197DA5F6001D0236 /* RDPAppDelegate.h */ = {isa = PBXFileReference; lastKnownFileType = sourcecode.c.h; path = RDPAppDelegate.h; sourceTree = "<group>"; };
		58F643C1197DA5F6001D0236 /* RDPAppDelegate.m */ = {isa = PBXFileReference; lastKnownFileType = sourcecode.c.objc; path = RDPAppDelegate.m; sourceTree = "<group>"; };
		58F643C3197DA5F6001D0236 /* Images.xcassets */ = {isa = PBXFileReference; lastKnownFileType = folder.assetcatalog; path = Images.xcassets; sourceTree = "<group>"; };
		58F643C9197DA5F6001D0236 /* SpearnintIOSTests.xctest */ = {isa = PBXFileReference; explicitFileType = wrapper.cfbundle; includeInIndex = 0; path = SpearnintIOSTests.xctest; sourceTree = BUILT_PRODUCTS_DIR; };
		58F643CA197DA5F6001D0236 /* XCTest.framework */ = {isa = PBXFileReference; lastKnownFileType = wrapper.framework; name = XCTest.framework; path = Library/Frameworks/XCTest.framework; sourceTree = DEVELOPER_DIR; };
		58F643D2197DA5F6001D0236 /* SpearnintIOSTests-Info.plist */ = {isa = PBXFileReference; lastKnownFileType = text.plist.xml; path = "SpearnintIOSTests-Info.plist"; sourceTree = "<group>"; };
		58F643D4197DA5F6001D0236 /* en */ = {isa = PBXFileReference; lastKnownFileType = text.plist.strings; name = en; path = en.lproj/InfoPlist.strings; sourceTree = "<group>"; };
		58F643D6197DA5F6001D0236 /* SpearnintIOSTests.m */ = {isa = PBXFileReference; lastKnownFileType = sourcecode.c.objc; path = SpearnintIOSTests.m; sourceTree = "<group>"; };
/* End PBXFileReference section */

/* Begin PBXFrameworksBuildPhase section */
		58F643AB197DA5F6001D0236 /* Frameworks */ = {
			isa = PBXFrameworksBuildPhase;
			buildActionMask = 2147483647;
			files = (
				58F643B4197DA5F6001D0236 /* CoreGraphics.framework in Frameworks */,
				58F643B6197DA5F6001D0236 /* UIKit.framework in Frameworks */,
				58F643B2197DA5F6001D0236 /* Foundation.framework in Frameworks */,
			);
			runOnlyForDeploymentPostprocessing = 0;
		};
		58F643C6197DA5F6001D0236 /* Frameworks */ = {
			isa = PBXFrameworksBuildPhase;
			buildActionMask = 2147483647;
			files = (
				58F643CB197DA5F6001D0236 /* XCTest.framework in Frameworks */,
				58F643CD197DA5F6001D0236 /* UIKit.framework in Frameworks */,
				58F643CC197DA5F6001D0236 /* Foundation.framework in Frameworks */,
			);
			runOnlyForDeploymentPostprocessing = 0;
		};
/* End PBXFrameworksBuildPhase section */

/* Begin PBXGroup section */
		58F643A5197DA5F6001D0236 = {
			isa = PBXGroup;
			children = (
				58F643B7197DA5F6001D0236 /* SpearnintIOS */,
				58F643D0197DA5F6001D0236 /* SpearnintIOSTests */,
				58F643B0197DA5F6001D0236 /* Frameworks */,
				58F643AF197DA5F6001D0236 /* Products */,
			);
			sourceTree = "<group>";
		};
		58F643AF197DA5F6001D0236 /* Products */ = {
			isa = PBXGroup;
			children = (
				58F643AE197DA5F6001D0236 /* SpearnintIOS.app */,
				58F643C9197DA5F6001D0236 /* SpearnintIOSTests.xctest */,
			);
			name = Products;
			sourceTree = "<group>";
		};
		58F643B0197DA5F6001D0236 /* Frameworks */ = {
			isa = PBXGroup;
			children = (
				58F643B1197DA5F6001D0236 /* Foundation.framework */,
				58F643B3197DA5F6001D0236 /* CoreGraphics.framework */,
				58F643B5197DA5F6001D0236 /* UIKit.framework */,
				58F643CA197DA5F6001D0236 /* XCTest.framework */,
			);
			name = Frameworks;
			sourceTree = "<group>";
		};
		58F643B7197DA5F6001D0236 /* SpearnintIOS */ = {
			isa = PBXGroup;
			children = (
				58F643C0197DA5F6001D0236 /* RDPAppDelegate.h */,
				58F643C1197DA5F6001D0236 /* RDPAppDelegate.m */,
				58F643C3197DA5F6001D0236 /* Images.xcassets */,
				58F643B8197DA5F6001D0236 /* Supporting Files */,
			);
			path = SpearnintIOS;
			sourceTree = "<group>";
		};
		58F643B8197DA5F6001D0236 /* Supporting Files */ = {
			isa = PBXGroup;
			children = (
				58F643B9197DA5F6001D0236 /* SpearnintIOS-Info.plist */,
				58F643BA197DA5F6001D0236 /* InfoPlist.strings */,
				58F643BD197DA5F6001D0236 /* main.m */,
				58F643BF197DA5F6001D0236 /* SpearnintIOS-Prefix.pch */,
			);
			name = "Supporting Files";
			sourceTree = "<group>";
		};
		58F643D0197DA5F6001D0236 /* SpearnintIOSTests */ = {
			isa = PBXGroup;
			children = (
				58F643D6197DA5F6001D0236 /* SpearnintIOSTests.m */,
				58F643D1197DA5F6001D0236 /* Supporting Files */,
			);
			path = SpearnintIOSTests;
			sourceTree = "<group>";
		};
		58F643D1197DA5F6001D0236 /* Supporting Files */ = {
			isa = PBXGroup;
			children = (
				58F643D2197DA5F6001D0236 /* SpearnintIOSTests-Info.plist */,
				58F643D3197DA5F6001D0236 /* InfoPlist.strings */,
			);
			name = "Supporting Files";
			sourceTree = "<group>";
		};
/* End PBXGroup section */

/* Begin PBXNativeTarget section */
		58F643AD197DA5F6001D0236 /* SpearnintIOS */ = {
			isa = PBXNativeTarget;
			buildConfigurationList = 58F643DA197DA5F6001D0236 /* Build configuration list for PBXNativeTarget "SpearnintIOS" */;
			buildPhases = (
				58F643AA197DA5F6001D0236 /* Sources */,
				58F643AB197DA5F6001D0236 /* Frameworks */,
				58F643AC197DA5F6001D0236 /* Resources */,
			);
			buildRules = (
			);
			dependencies = (
			);
			name = SpearnintIOS;
			productName = SpearnintIOS;
			productReference = 58F643AE197DA5F6001D0236 /* SpearnintIOS.app */;
			productType = "com.apple.product-type.application";
		};
		58F643C8197DA5F6001D0236 /* SpearnintIOSTests */ = {
			isa = PBXNativeTarget;
			buildConfigurationList = 58F643DD197DA5F6001D0236 /* Build configuration list for PBXNativeTarget "SpearnintIOSTests" */;
			buildPhases = (
				58F643C5197DA5F6001D0236 /* Sources */,
				58F643C6197DA5F6001D0236 /* Frameworks */,
				58F643C7197DA5F6001D0236 /* Resources */,
			);
			buildRules = (
			);
			dependencies = (
				58F643CF197DA5F6001D0236 /* PBXTargetDependency */,
			);
			name = SpearnintIOSTests;
			productName = SpearnintIOSTests;
			productReference = 58F643C9197DA5F6001D0236 /* SpearnintIOSTests.xctest */;
			productType = "com.apple.product-type.bundle.unit-test";
		};
/* End PBXNativeTarget section */

/* Begin PBXProject section */
		58F643A6197DA5F6001D0236 /* Project object */ = {
			isa = PBXProject;
			attributes = {
				CLASSPREFIX = RDP;
				LastUpgradeCheck = 0510;
				ORGANIZATIONNAME = Spearmint;
				TargetAttributes = {
					58F643C8197DA5F6001D0236 = {
						TestTargetID = 58F643AD197DA5F6001D0236;
					};
				};
			};
			buildConfigurationList = 58F643A9197DA5F6001D0236 /* Build configuration list for PBXProject "SpearnintIOS" */;
			compatibilityVersion = "Xcode 3.2";
			developmentRegion = English;
			hasScannedForEncodings = 0;
			knownRegions = (
				en,
			);
			mainGroup = 58F643A5197DA5F6001D0236;
			productRefGroup = 58F643AF197DA5F6001D0236 /* Products */;
			projectDirPath = "";
			projectRoot = "";
			targets = (
				58F643AD197DA5F6001D0236 /* SpearnintIOS */,
				58F643C8197DA5F6001D0236 /* SpearnintIOSTests */,
			);
		};
/* End PBXProject section */

/* Begin PBXResourcesBuildPhase section */
		58F643AC197DA5F6001D0236 /* Resources */ = {
			isa = PBXResourcesBuildPhase;
			buildActionMask = 2147483647;
			files = (
				58F643BC197DA5F6001D0236 /* InfoPlist.strings in Resources */,
				58F643C4197DA5F6001D0236 /* Images.xcassets in Resources */,
			);
			runOnlyForDeploymentPostprocessing = 0;
		};
		58F643C7197DA5F6001D0236 /* Resources */ = {
			isa = PBXResourcesBuildPhase;
			buildActionMask = 2147483647;
			files = (
				58F643D5197DA5F6001D0236 /* InfoPlist.strings in Resources */,
			);
			runOnlyForDeploymentPostprocessing = 0;
		};
/* End PBXResourcesBuildPhase section */

/* Begin PBXSourcesBuildPhase section */
		58F643AA197DA5F6001D0236 /* Sources */ = {
			isa = PBXSourcesBuildPhase;
			buildActionMask = 2147483647;
			files = (
				58F643BE197DA5F6001D0236 /* main.m in Sources */,
				58F643C2197DA5F6001D0236 /* RDPAppDelegate.m in Sources */,
			);
			runOnlyForDeploymentPostprocessing = 0;
		};
		58F643C5197DA5F6001D0236 /* Sources */ = {
			isa = PBXSourcesBuildPhase;
			buildActionMask = 2147483647;
			files = (
				58F643D7197DA5F6001D0236 /* SpearnintIOSTests.m in Sources */,
			);
			runOnlyForDeploymentPostprocessing = 0;
		};
/* End PBXSourcesBuildPhase section */

/* Begin PBXTargetDependency section */
		58F643CF197DA5F6001D0236 /* PBXTargetDependency */ = {
			isa = PBXTargetDependency;
			target = 58F643AD197DA5F6001D0236 /* SpearnintIOS */;
			targetProxy = 58F643CE197DA5F6001D0236 /* PBXContainerItemProxy */;
		};
/* End PBXTargetDependency section */

/* Begin PBXVariantGroup section */
		58F643BA197DA5F6001D0236 /* InfoPlist.strings */ = {
			isa = PBXVariantGroup;
			children = (
				58F643BB197DA5F6001D0236 /* en */,
			);
			name = InfoPlist.strings;
			sourceTree = "<group>";
		};
		58F643D3197DA5F6001D0236 /* InfoPlist.strings */ = {
			isa = PBXVariantGroup;
			children = (
				58F643D4197DA5F6001D0236 /* en */,
			);
			name = InfoPlist.strings;
			sourceTree = "<group>";
		};
/* End PBXVariantGroup section */

/* Begin XCBuildConfiguration section */
		58F643D8197DA5F6001D0236 /* Debug */ = {
			isa = XCBuildConfiguration;
			buildSettings = {
				ALWAYS_SEARCH_USER_PATHS = NO;
				CLANG_CXX_LANGUAGE_STANDARD = "gnu++0x";
				CLANG_CXX_LIBRARY = "libc++";
				CLANG_ENABLE_MODULES = YES;
				CLANG_ENABLE_OBJC_ARC = YES;
				CLANG_WARN_BOOL_CONVERSION = YES;
				CLANG_WARN_CONSTANT_CONVERSION = YES;
				CLANG_WARN_DIRECT_OBJC_ISA_USAGE = YES_ERROR;
				CLANG_WARN_EMPTY_BODY = YES;
				CLANG_WARN_ENUM_CONVERSION = YES;
				CLANG_WARN_INT_CONVERSION = YES;
				CLANG_WARN_OBJC_ROOT_CLASS = YES_ERROR;
				CLANG_WARN__DUPLICATE_METHOD_MATCH = YES;
				"CODE_SIGN_IDENTITY[sdk=iphoneos*]" = "iPhone Developer";
				COPY_PHASE_STRIP = NO;
				GCC_C_LANGUAGE_STANDARD = gnu99;
				GCC_DYNAMIC_NO_PIC = NO;
				GCC_OPTIMIZATION_LEVEL = 0;
				GCC_PREPROCESSOR_DEFINITIONS = (
					"DEBUG=1",
					"$(inherited)",
				);
				GCC_SYMBOLS_PRIVATE_EXTERN = NO;
				GCC_WARN_64_TO_32_BIT_CONVERSION = YES;
				GCC_WARN_ABOUT_RETURN_TYPE = YES_ERROR;
				GCC_WARN_UNDECLARED_SELECTOR = YES;
				GCC_WARN_UNINITIALIZED_AUTOS = YES_AGGRESSIVE;
				GCC_WARN_UNUSED_FUNCTION = YES;
				GCC_WARN_UNUSED_VARIABLE = YES;
				IPHONEOS_DEPLOYMENT_TARGET = 7.1;
				ONLY_ACTIVE_ARCH = YES;
				SDKROOT = iphoneos;
			};
			name = Debug;
		};
		58F643D9197DA5F6001D0236 /* Release */ = {
			isa = XCBuildConfiguration;
			buildSettings = {
				ALWAYS_SEARCH_USER_PATHS = NO;
				CLANG_CXX_LANGUAGE_STANDARD = "gnu++0x";
				CLANG_CXX_LIBRARY = "libc++";
				CLANG_ENABLE_MODULES = YES;
				CLANG_ENABLE_OBJC_ARC = YES;
				CLANG_WARN_BOOL_CONVERSION = YES;
				CLANG_WARN_CONSTANT_CONVERSION = YES;
				CLANG_WARN_DIRECT_OBJC_ISA_USAGE = YES_ERROR;
				CLANG_WARN_EMPTY_BODY = YES;
				CLANG_WARN_ENUM_CONVERSION = YES;
				CLANG_WARN_INT_CONVERSION = YES;
				CLANG_WARN_OBJC_ROOT_CLASS = YES_ERROR;
				CLANG_WARN__DUPLICATE_METHOD_MATCH = YES;
				"CODE_SIGN_IDENTITY[sdk=iphoneos*]" = "iPhone Developer";
				COPY_PHASE_STRIP = YES;
				ENABLE_NS_ASSERTIONS = NO;
				GCC_C_LANGUAGE_STANDARD = gnu99;
				GCC_WARN_64_TO_32_BIT_CONVERSION = YES;
				GCC_WARN_ABOUT_RETURN_TYPE = YES_ERROR;
				GCC_WARN_UNDECLARED_SELECTOR = YES;
				GCC_WARN_UNINITIALIZED_AUTOS = YES_AGGRESSIVE;
				GCC_WARN_UNUSED_FUNCTION = YES;
				GCC_WARN_UNUSED_VARIABLE = YES;
				IPHONEOS_DEPLOYMENT_TARGET = 7.1;
				SDKROOT = iphoneos;
				VALIDATE_PRODUCT = YES;
			};
			name = Release;
		};
		58F643DB197DA5F6001D0236 /* Debug */ = {
			isa = XCBuildConfiguration;
			buildSettings = {
				ASSETCATALOG_COMPILER_APPICON_NAME = AppIcon;
				ASSETCATALOG_COMPILER_LAUNCHIMAGE_NAME = LaunchImage;
				GCC_PRECOMPILE_PREFIX_HEADER = YES;
				GCC_PREFIX_HEADER = "SpearnintIOS/SpearnintIOS-Prefix.pch";
				INFOPLIST_FILE = "SpearnintIOS/SpearnintIOS-Info.plist";
				PRODUCT_NAME = "$(TARGET_NAME)";
				WRAPPER_EXTENSION = app;
			};
			name = Debug;
		};
		58F643DC197DA5F6001D0236 /* Release */ = {
			isa = XCBuildConfiguration;
			buildSettings = {
				ASSETCATALOG_COMPILER_APPICON_NAME = AppIcon;
				ASSETCATALOG_COMPILER_LAUNCHIMAGE_NAME = LaunchImage;
				GCC_PRECOMPILE_PREFIX_HEADER = YES;
				GCC_PREFIX_HEADER = "SpearnintIOS/SpearnintIOS-Prefix.pch";
				INFOPLIST_FILE = "SpearnintIOS/SpearnintIOS-Info.plist";
				PRODUCT_NAME = "$(TARGET_NAME)";
				WRAPPER_EXTENSION = app;
			};
			name = Release;
		};
		58F643DE197DA5F6001D0236 /* Debug */ = {
			isa = XCBuildConfiguration;
			buildSettings = {
				BUNDLE_LOADER = "$(BUILT_PRODUCTS_DIR)/SpearnintIOS.app/SpearnintIOS";
				FRAMEWORK_SEARCH_PATHS = (
					"$(SDKROOT)/Developer/Library/Frameworks",
					"$(inherited)",
					"$(DEVELOPER_FRAMEWORKS_DIR)",
				);
				GCC_PRECOMPILE_PREFIX_HEADER = YES;
				GCC_PREFIX_HEADER = "SpearnintIOS/SpearnintIOS-Prefix.pch";
				GCC_PREPROCESSOR_DEFINITIONS = (
					"DEBUG=1",
					"$(inherited)",
				);
				INFOPLIST_FILE = "SpearnintIOSTests/SpearnintIOSTests-Info.plist";
				PRODUCT_NAME = "$(TARGET_NAME)";
				TEST_HOST = "$(BUNDLE_LOADER)";
				WRAPPER_EXTENSION = xctest;
			};
			name = Debug;
		};
		58F643DF197DA5F6001D0236 /* Release */ = {
			isa = XCBuildConfiguration;
			buildSettings = {
				BUNDLE_LOADER = "$(BUILT_PRODUCTS_DIR)/SpearnintIOS.app/SpearnintIOS";
				FRAMEWORK_SEARCH_PATHS = (
					"$(SDKROOT)/Developer/Library/Frameworks",
					"$(inherited)",
					"$(DEVELOPER_FRAMEWORKS_DIR)",
				);
				GCC_PRECOMPILE_PREFIX_HEADER = YES;
				GCC_PREFIX_HEADER = "SpearnintIOS/SpearnintIOS-Prefix.pch";
				INFOPLIST_FILE = "SpearnintIOSTests/SpearnintIOSTests-Info.plist";
				PRODUCT_NAME = "$(TARGET_NAME)";
				TEST_HOST = "$(BUNDLE_LOADER)";
				WRAPPER_EXTENSION = xctest;
			};
			name = Release;
		};
/* End XCBuildConfiguration section */

/* Begin XCConfigurationList section */
		58F643A9197DA5F6001D0236 /* Build configuration list for PBXProject "SpearnintIOS" */ = {
			isa = XCConfigurationList;
			buildConfigurations = (
				58F643D8197DA5F6001D0236 /* Debug */,
				58F643D9197DA5F6001D0236 /* Release */,
			);
			defaultConfigurationIsVisible = 0;
			defaultConfigurationName = Release;
		};
		58F643DA197DA5F6001D0236 /* Build configuration list for PBXNativeTarget "SpearnintIOS" */ = {
			isa = XCConfigurationList;
			buildConfigurations = (
				58F643DB197DA5F6001D0236 /* Debug */,
				58F643DC197DA5F6001D0236 /* Release */,
			);
			defaultConfigurationIsVisible = 0;
		};
		58F643DD197DA5F6001D0236 /* Build configuration list for PBXNativeTarget "SpearnintIOSTests" */ = {
			isa = XCConfigurationList;
			buildConfigurations = (
				58F643DE197DA5F6001D0236 /* Debug */,
				58F643DF197DA5F6001D0236 /* Release */,
			);
			defaultConfigurationIsVisible = 0;
		};
/* End XCConfigurationList section */
	};
	rootObject = 58F643A6197DA5F6001D0236 /* Project object */;
}
